// !$*UTF8*$!
{
	archiveVersion = 1;
	classes = {
	};
	objectVersion = 50;
	objects = {

/* Begin PBXBuildFile section */
		57AB87C22217A234006B670F /* AppDelegate.swift in Sources */ = {isa = PBXBuildFile; fileRef = 57AB87C12217A234006B670F /* AppDelegate.swift */; };
		57AB87C42217A234006B670F /* ViewController.swift in Sources */ = {isa = PBXBuildFile; fileRef = 57AB87C32217A234006B670F /* ViewController.swift */; };
		57AB87C72217A234006B670F /* Main.storyboard in Resources */ = {isa = PBXBuildFile; fileRef = 57AB87C52217A234006B670F /* Main.storyboard */; };
		57AB87C92217A235006B670F /* Assets.xcassets in Resources */ = {isa = PBXBuildFile; fileRef = 57AB87C82217A235006B670F /* Assets.xcassets */; };
		57AB87CC2217A235006B670F /* LaunchScreen.storyboard in Resources */ = {isa = PBXBuildFile; fileRef = 57AB87CA2217A235006B670F /* LaunchScreen.storyboard */; };
		57AB87D72217A235006B670F /* CameraAppTests.swift in Sources */ = {isa = PBXBuildFile; fileRef = 57AB87D62217A235006B670F /* CameraAppTests.swift */; };
		57AB87E22217A235006B670F /* CameraAppUITests.swift in Sources */ = {isa = PBXBuildFile; fileRef = 57AB87E12217A235006B670F /* CameraAppUITests.swift */; };
		57AB87F02217B11B006B670F /* PreviewView.swift in Sources */ = {isa = PBXBuildFile; fileRef = 57AB87EF2217B11B006B670F /* PreviewView.swift */; };
		BF61D9415E9619425225A427 /* Pods_CameraApp.framework in Frameworks */ = {isa = PBXBuildFile; fileRef = 7A46ECA1EF078C5FEC6F2112 /* Pods_CameraApp.framework */; };
		DC7AC1AA222B845100207411 /* PhotoCaptureDelegate.swift in Sources */ = {isa = PBXBuildFile; fileRef = DC7AC1A9222B845100207411 /* PhotoCaptureDelegate.swift */; };
		DC7AC1AC222C187900207411 /* MNISTManager.swift in Sources */ = {isa = PBXBuildFile; fileRef = DC7AC1AB222C187900207411 /* MNISTManager.swift */; };
		DC7AC1AE222C188B00207411 /* Network.swift in Sources */ = {isa = PBXBuildFile; fileRef = DC7AC1AD222C188B00207411 /* Network.swift */; };
		DC7AC1B0222C1B9600207411 /* MNIST in Resources */ = {isa = PBXBuildFile; fileRef = DC7AC1AF222C1B9600207411 /* MNIST */; };
/* End PBXBuildFile section */

/* Begin PBXContainerItemProxy section */
		57AB87D32217A235006B670F /* PBXContainerItemProxy */ = {
			isa = PBXContainerItemProxy;
			containerPortal = 57AB87B62217A233006B670F /* Project object */;
			proxyType = 1;
			remoteGlobalIDString = 57AB87BD2217A233006B670F;
			remoteInfo = CameraApp;
		};
		57AB87DE2217A235006B670F /* PBXContainerItemProxy */ = {
			isa = PBXContainerItemProxy;
			containerPortal = 57AB87B62217A233006B670F /* Project object */;
			proxyType = 1;
			remoteGlobalIDString = 57AB87BD2217A233006B670F;
			remoteInfo = CameraApp;
		};
/* End PBXContainerItemProxy section */

/* Begin PBXFileReference section */
		40F3C4A3B1D4B2AE8CF7B366 /* Pods-CameraApp.release.xcconfig */ = {isa = PBXFileReference; includeInIndex = 1; lastKnownFileType = text.xcconfig; name = "Pods-CameraApp.release.xcconfig"; path = "Target Support Files/Pods-CameraApp/Pods-CameraApp.release.xcconfig"; sourceTree = "<group>"; };
		57AB87BE2217A233006B670F /* CameraApp.app */ = {isa = PBXFileReference; explicitFileType = wrapper.application; includeInIndex = 0; path = CameraApp.app; sourceTree = BUILT_PRODUCTS_DIR; };
		57AB87C12217A234006B670F /* AppDelegate.swift */ = {isa = PBXFileReference; lastKnownFileType = sourcecode.swift; path = AppDelegate.swift; sourceTree = "<group>"; };
		57AB87C32217A234006B670F /* ViewController.swift */ = {isa = PBXFileReference; lastKnownFileType = sourcecode.swift; path = ViewController.swift; sourceTree = "<group>"; };
		57AB87C62217A234006B670F /* Base */ = {isa = PBXFileReference; lastKnownFileType = file.storyboard; name = Base; path = Base.lproj/Main.storyboard; sourceTree = "<group>"; };
		57AB87C82217A235006B670F /* Assets.xcassets */ = {isa = PBXFileReference; lastKnownFileType = folder.assetcatalog; path = Assets.xcassets; sourceTree = "<group>"; };
		57AB87CB2217A235006B670F /* Base */ = {isa = PBXFileReference; lastKnownFileType = file.storyboard; name = Base; path = Base.lproj/LaunchScreen.storyboard; sourceTree = "<group>"; };
		57AB87CD2217A235006B670F /* Info.plist */ = {isa = PBXFileReference; lastKnownFileType = text.plist.xml; path = Info.plist; sourceTree = "<group>"; };
		57AB87D22217A235006B670F /* CameraAppTests.xctest */ = {isa = PBXFileReference; explicitFileType = wrapper.cfbundle; includeInIndex = 0; path = CameraAppTests.xctest; sourceTree = BUILT_PRODUCTS_DIR; };
		57AB87D62217A235006B670F /* CameraAppTests.swift */ = {isa = PBXFileReference; lastKnownFileType = sourcecode.swift; path = CameraAppTests.swift; sourceTree = "<group>"; };
		57AB87D82217A235006B670F /* Info.plist */ = {isa = PBXFileReference; lastKnownFileType = text.plist.xml; path = Info.plist; sourceTree = "<group>"; };
		57AB87DD2217A235006B670F /* CameraAppUITests.xctest */ = {isa = PBXFileReference; explicitFileType = wrapper.cfbundle; includeInIndex = 0; path = CameraAppUITests.xctest; sourceTree = BUILT_PRODUCTS_DIR; };
		57AB87E12217A235006B670F /* CameraAppUITests.swift */ = {isa = PBXFileReference; lastKnownFileType = sourcecode.swift; path = CameraAppUITests.swift; sourceTree = "<group>"; };
		57AB87E32217A235006B670F /* Info.plist */ = {isa = PBXFileReference; lastKnownFileType = text.plist.xml; path = Info.plist; sourceTree = "<group>"; };
		57AB87EF2217B11B006B670F /* PreviewView.swift */ = {isa = PBXFileReference; lastKnownFileType = sourcecode.swift; path = PreviewView.swift; sourceTree = "<group>"; };
		7A46ECA1EF078C5FEC6F2112 /* Pods_CameraApp.framework */ = {isa = PBXFileReference; explicitFileType = wrapper.framework; includeInIndex = 0; path = Pods_CameraApp.framework; sourceTree = BUILT_PRODUCTS_DIR; };
		DC7AC1A9222B845100207411 /* PhotoCaptureDelegate.swift */ = {isa = PBXFileReference; fileEncoding = 4; lastKnownFileType = sourcecode.swift; path = PhotoCaptureDelegate.swift; sourceTree = "<group>"; };
		DC7AC1AB222C187900207411 /* MNISTManager.swift */ = {isa = PBXFileReference; fileEncoding = 4; lastKnownFileType = sourcecode.swift; path = MNISTManager.swift; sourceTree = "<group>"; };
		DC7AC1AD222C188B00207411 /* Network.swift */ = {isa = PBXFileReference; fileEncoding = 4; lastKnownFileType = sourcecode.swift; path = Network.swift; sourceTree = "<group>"; };
		DC7AC1AF222C1B9600207411 /* MNIST */ = {isa = PBXFileReference; lastKnownFileType = folder; path = MNIST; sourceTree = "<group>"; };
		E8D8526DB9B3346E2302DF5F /* Pods-CameraApp.debug.xcconfig */ = {isa = PBXFileReference; includeInIndex = 1; lastKnownFileType = text.xcconfig; name = "Pods-CameraApp.debug.xcconfig"; path = "Target Support Files/Pods-CameraApp/Pods-CameraApp.debug.xcconfig"; sourceTree = "<group>"; };
/* End PBXFileReference section */

/* Begin PBXFrameworksBuildPhase section */
		57AB87BB2217A233006B670F /* Frameworks */ = {
			isa = PBXFrameworksBuildPhase;
			buildActionMask = 2147483647;
			files = (
				BF61D9415E9619425225A427 /* Pods_CameraApp.framework in Frameworks */,
			);
			runOnlyForDeploymentPostprocessing = 0;
		};
		57AB87CF2217A235006B670F /* Frameworks */ = {
			isa = PBXFrameworksBuildPhase;
			buildActionMask = 2147483647;
			files = (
			);
			runOnlyForDeploymentPostprocessing = 0;
		};
		57AB87DA2217A235006B670F /* Frameworks */ = {
			isa = PBXFrameworksBuildPhase;
			buildActionMask = 2147483647;
			files = (
			);
			runOnlyForDeploymentPostprocessing = 0;
		};
/* End PBXFrameworksBuildPhase section */

/* Begin PBXGroup section */
		04A0F8F22BACB713F3E1A885 /* Frameworks */ = {
			isa = PBXGroup;
			children = (
				7A46ECA1EF078C5FEC6F2112 /* Pods_CameraApp.framework */,
			);
			name = Frameworks;
			sourceTree = "<group>";
		};
		57AB87B52217A233006B670F = {
			isa = PBXGroup;
			children = (
				57AB87C02217A233006B670F /* CameraApp */,
				57AB87D52217A235006B670F /* CameraAppTests */,
				57AB87E02217A235006B670F /* CameraAppUITests */,
				57AB87BF2217A233006B670F /* Products */,
				7BD60ACA3CC061CA4BB38806 /* Pods */,
				04A0F8F22BACB713F3E1A885 /* Frameworks */,
			);
			sourceTree = "<group>";
		};
		57AB87BF2217A233006B670F /* Products */ = {
			isa = PBXGroup;
			children = (
				57AB87BE2217A233006B670F /* CameraApp.app */,
				57AB87D22217A235006B670F /* CameraAppTests.xctest */,
				57AB87DD2217A235006B670F /* CameraAppUITests.xctest */,
			);
			name = Products;
			sourceTree = "<group>";
		};
		57AB87C02217A233006B670F /* CameraApp */ = {
			isa = PBXGroup;
			children = (
				DC7AC1AF222C1B9600207411 /* MNIST */,
				DC7AC1AD222C188B00207411 /* Network.swift */,
				57AB87C32217A234006B670F /* ViewController.swift */,
				57AB87C12217A234006B670F /* AppDelegate.swift */,
				DC7AC1A9222B845100207411 /* PhotoCaptureDelegate.swift */,
				DC7AC1AB222C187900207411 /* MNISTManager.swift */,
				57AB87EF2217B11B006B670F /* PreviewView.swift */,
				57AB87C52217A234006B670F /* Main.storyboard */,
				57AB87C82217A235006B670F /* Assets.xcassets */,
				57AB87CA2217A235006B670F /* LaunchScreen.storyboard */,
				57AB87CD2217A235006B670F /* Info.plist */,
			);
			path = CameraApp;
			sourceTree = "<group>";
		};
		57AB87D52217A235006B670F /* CameraAppTests */ = {
			isa = PBXGroup;
			children = (
				57AB87D62217A235006B670F /* CameraAppTests.swift */,
				57AB87D82217A235006B670F /* Info.plist */,
			);
			path = CameraAppTests;
			sourceTree = "<group>";
		};
		57AB87E02217A235006B670F /* CameraAppUITests */ = {
			isa = PBXGroup;
			children = (
				57AB87E12217A235006B670F /* CameraAppUITests.swift */,
				57AB87E32217A235006B670F /* Info.plist */,
			);
			path = CameraAppUITests;
			sourceTree = "<group>";
		};
		7BD60ACA3CC061CA4BB38806 /* Pods */ = {
			isa = PBXGroup;
			children = (
				E8D8526DB9B3346E2302DF5F /* Pods-CameraApp.debug.xcconfig */,
				40F3C4A3B1D4B2AE8CF7B366 /* Pods-CameraApp.release.xcconfig */,
			);
			path = Pods;
			sourceTree = "<group>";
		};
/* End PBXGroup section */

/* Begin PBXNativeTarget section */
		57AB87BD2217A233006B670F /* CameraApp */ = {
			isa = PBXNativeTarget;
			buildConfigurationList = 57AB87E62217A235006B670F /* Build configuration list for PBXNativeTarget "CameraApp" */;
			buildPhases = (
				3222A7AD344EEE5A4E4DE1B6 /* [CP] Check Pods Manifest.lock */,
				57AB87BA2217A233006B670F /* Sources */,
				57AB87BB2217A233006B670F /* Frameworks */,
				57AB87BC2217A233006B670F /* Resources */,
				E76A43B3E42E971E46B1BBF8 /* [CP] Embed Pods Frameworks */,
			);
			buildRules = (
			);
			dependencies = (
			);
			name = CameraApp;
			productName = CameraApp;
			productReference = 57AB87BE2217A233006B670F /* CameraApp.app */;
			productType = "com.apple.product-type.application";
		};
		57AB87D12217A235006B670F /* CameraAppTests */ = {
			isa = PBXNativeTarget;
			buildConfigurationList = 57AB87E92217A235006B670F /* Build configuration list for PBXNativeTarget "CameraAppTests" */;
			buildPhases = (
				57AB87CE2217A235006B670F /* Sources */,
				57AB87CF2217A235006B670F /* Frameworks */,
				57AB87D02217A235006B670F /* Resources */,
			);
			buildRules = (
			);
			dependencies = (
				57AB87D42217A235006B670F /* PBXTargetDependency */,
			);
			name = CameraAppTests;
			productName = CameraAppTests;
			productReference = 57AB87D22217A235006B670F /* CameraAppTests.xctest */;
			productType = "com.apple.product-type.bundle.unit-test";
		};
		57AB87DC2217A235006B670F /* CameraAppUITests */ = {
			isa = PBXNativeTarget;
			buildConfigurationList = 57AB87EC2217A235006B670F /* Build configuration list for PBXNativeTarget "CameraAppUITests" */;
			buildPhases = (
				57AB87D92217A235006B670F /* Sources */,
				57AB87DA2217A235006B670F /* Frameworks */,
				57AB87DB2217A235006B670F /* Resources */,
			);
			buildRules = (
			);
			dependencies = (
				57AB87DF2217A235006B670F /* PBXTargetDependency */,
			);
			name = CameraAppUITests;
			productName = CameraAppUITests;
			productReference = 57AB87DD2217A235006B670F /* CameraAppUITests.xctest */;
			productType = "com.apple.product-type.bundle.ui-testing";
		};
/* End PBXNativeTarget section */

/* Begin PBXProject section */
		57AB87B62217A233006B670F /* Project object */ = {
			isa = PBXProject;
			attributes = {
				LastSwiftUpdateCheck = 1010;
				LastUpgradeCheck = 1010;
				ORGANIZATIONNAME = "Filip Osowski";
				TargetAttributes = {
					57AB87BD2217A233006B670F = {
						CreatedOnToolsVersion = 10.1;
					};
					57AB87D12217A235006B670F = {
						CreatedOnToolsVersion = 10.1;
						TestTargetID = 57AB87BD2217A233006B670F;
					};
					57AB87DC2217A235006B670F = {
						CreatedOnToolsVersion = 10.1;
						TestTargetID = 57AB87BD2217A233006B670F;
					};
				};
			};
			buildConfigurationList = 57AB87B92217A233006B670F /* Build configuration list for PBXProject "CameraApp" */;
			compatibilityVersion = "Xcode 9.3";
			developmentRegion = en;
			hasScannedForEncodings = 0;
			knownRegions = (
				en,
				Base,
			);
			mainGroup = 57AB87B52217A233006B670F;
			productRefGroup = 57AB87BF2217A233006B670F /* Products */;
			projectDirPath = "";
			projectRoot = "";
			targets = (
				57AB87BD2217A233006B670F /* CameraApp */,
				57AB87D12217A235006B670F /* CameraAppTests */,
				57AB87DC2217A235006B670F /* CameraAppUITests */,
			);
		};
/* End PBXProject section */

/* Begin PBXResourcesBuildPhase section */
		57AB87BC2217A233006B670F /* Resources */ = {
			isa = PBXResourcesBuildPhase;
			buildActionMask = 2147483647;
			files = (
				DC7AC1B0222C1B9600207411 /* MNIST in Resources */,
				57AB87CC2217A235006B670F /* LaunchScreen.storyboard in Resources */,
				57AB87C92217A235006B670F /* Assets.xcassets in Resources */,
				57AB87C72217A234006B670F /* Main.storyboard in Resources */,
			);
			runOnlyForDeploymentPostprocessing = 0;
		};
		57AB87D02217A235006B670F /* Resources */ = {
			isa = PBXResourcesBuildPhase;
			buildActionMask = 2147483647;
			files = (
			);
			runOnlyForDeploymentPostprocessing = 0;
		};
		57AB87DB2217A235006B670F /* Resources */ = {
			isa = PBXResourcesBuildPhase;
			buildActionMask = 2147483647;
			files = (
			);
			runOnlyForDeploymentPostprocessing = 0;
		};
/* End PBXResourcesBuildPhase section */

/* Begin PBXShellScriptBuildPhase section */
		3222A7AD344EEE5A4E4DE1B6 /* [CP] Check Pods Manifest.lock */ = {
			isa = PBXShellScriptBuildPhase;
			buildActionMask = 2147483647;
			files = (
			);
			inputFileListPaths = (
			);
			inputPaths = (
				"${PODS_PODFILE_DIR_PATH}/Podfile.lock",
				"${PODS_ROOT}/Manifest.lock",
			);
			name = "[CP] Check Pods Manifest.lock";
			outputFileListPaths = (
			);
			outputPaths = (
				"$(DERIVED_FILE_DIR)/Pods-CameraApp-checkManifestLockResult.txt",
			);
			runOnlyForDeploymentPostprocessing = 0;
			shellPath = /bin/sh;
			shellScript = "diff \"${PODS_PODFILE_DIR_PATH}/Podfile.lock\" \"${PODS_ROOT}/Manifest.lock\" > /dev/null\nif [ $? != 0 ] ; then\n    # print error to STDERR\n    echo \"error: The sandbox is not in sync with the Podfile.lock. Run 'pod install' or update your CocoaPods installation.\" >&2\n    exit 1\nfi\n# This output is used by Xcode 'outputs' to avoid re-running this script phase.\necho \"SUCCESS\" > \"${SCRIPT_OUTPUT_FILE_0}\"\n";
			showEnvVarsInLog = 0;
		};
		E76A43B3E42E971E46B1BBF8 /* [CP] Embed Pods Frameworks */ = {
			isa = PBXShellScriptBuildPhase;
			buildActionMask = 2147483647;
			files = (
			);
			inputFileListPaths = (
			);
			inputPaths = (
				"${PODS_ROOT}/Target Support Files/Pods-CameraApp/Pods-CameraApp-frameworks.sh",
				"${BUILT_PRODUCTS_DIR}/Surge/Surge.framework",
			);
			name = "[CP] Embed Pods Frameworks";
			outputFileListPaths = (
			);
			outputPaths = (
				"${TARGET_BUILD_DIR}/${FRAMEWORKS_FOLDER_PATH}/Surge.framework",
			);
			runOnlyForDeploymentPostprocessing = 0;
			shellPath = /bin/sh;
			shellScript = "\"${PODS_ROOT}/Target Support Files/Pods-CameraApp/Pods-CameraApp-frameworks.sh\"\n";
			showEnvVarsInLog = 0;
		};
/* End PBXShellScriptBuildPhase section */

/* Begin PBXSourcesBuildPhase section */
		57AB87BA2217A233006B670F /* Sources */ = {
			isa = PBXSourcesBuildPhase;
			buildActionMask = 2147483647;
			files = (
				57AB87C42217A234006B670F /* ViewController.swift in Sources */,
				57AB87C22217A234006B670F /* AppDelegate.swift in Sources */,
				DC7AC1AE222C188B00207411 /* Network.swift in Sources */,
				DC7AC1AA222B845100207411 /* PhotoCaptureDelegate.swift in Sources */,
				57AB87F02217B11B006B670F /* PreviewView.swift in Sources */,
				DC7AC1AC222C187900207411 /* MNISTManager.swift in Sources */,
			);
			runOnlyForDeploymentPostprocessing = 0;
		};
		57AB87CE2217A235006B670F /* Sources */ = {
			isa = PBXSourcesBuildPhase;
			buildActionMask = 2147483647;
			files = (
				57AB87D72217A235006B670F /* CameraAppTests.swift in Sources */,
			);
			runOnlyForDeploymentPostprocessing = 0;
		};
		57AB87D92217A235006B670F /* Sources */ = {
			isa = PBXSourcesBuildPhase;
			buildActionMask = 2147483647;
			files = (
				57AB87E22217A235006B670F /* CameraAppUITests.swift in Sources */,
			);
			runOnlyForDeploymentPostprocessing = 0;
		};
/* End PBXSourcesBuildPhase section */

/* Begin PBXTargetDependency section */
		57AB87D42217A235006B670F /* PBXTargetDependency */ = {
			isa = PBXTargetDependency;
			target = 57AB87BD2217A233006B670F /* CameraApp */;
			targetProxy = 57AB87D32217A235006B670F /* PBXContainerItemProxy */;
		};
		57AB87DF2217A235006B670F /* PBXTargetDependency */ = {
			isa = PBXTargetDependency;
			target = 57AB87BD2217A233006B670F /* CameraApp */;
			targetProxy = 57AB87DE2217A235006B670F /* PBXContainerItemProxy */;
		};
/* End PBXTargetDependency section */

/* Begin PBXVariantGroup section */
		57AB87C52217A234006B670F /* Main.storyboard */ = {
			isa = PBXVariantGroup;
			children = (
				57AB87C62217A234006B670F /* Base */,
			);
			name = Main.storyboard;
			sourceTree = "<group>";
		};
		57AB87CA2217A235006B670F /* LaunchScreen.storyboard */ = {
			isa = PBXVariantGroup;
			children = (
				57AB87CB2217A235006B670F /* Base */,
			);
			name = LaunchScreen.storyboard;
			sourceTree = "<group>";
		};
/* End PBXVariantGroup section */

/* Begin XCBuildConfiguration section */
		57AB87E42217A235006B670F /* Debug */ = {
			isa = XCBuildConfiguration;
			buildSettings = {
				ALWAYS_SEARCH_USER_PATHS = NO;
				CLANG_ANALYZER_NONNULL = YES;
				CLANG_ANALYZER_NUMBER_OBJECT_CONVERSION = YES_AGGRESSIVE;
				CLANG_CXX_LANGUAGE_STANDARD = "gnu++14";
				CLANG_CXX_LIBRARY = "libc++";
				CLANG_ENABLE_MODULES = YES;
				CLANG_ENABLE_OBJC_ARC = YES;
				CLANG_ENABLE_OBJC_WEAK = YES;
				CLANG_WARN_BLOCK_CAPTURE_AUTORELEASING = YES;
				CLANG_WARN_BOOL_CONVERSION = YES;
				CLANG_WARN_COMMA = YES;
				CLANG_WARN_CONSTANT_CONVERSION = YES;
				CLANG_WARN_DEPRECATED_OBJC_IMPLEMENTATIONS = YES;
				CLANG_WARN_DIRECT_OBJC_ISA_USAGE = YES_ERROR;
				CLANG_WARN_DOCUMENTATION_COMMENTS = YES;
				CLANG_WARN_EMPTY_BODY = YES;
				CLANG_WARN_ENUM_CONVERSION = YES;
				CLANG_WARN_INFINITE_RECURSION = YES;
				CLANG_WARN_INT_CONVERSION = YES;
				CLANG_WARN_NON_LITERAL_NULL_CONVERSION = YES;
				CLANG_WARN_OBJC_IMPLICIT_RETAIN_SELF = YES;
				CLANG_WARN_OBJC_LITERAL_CONVERSION = YES;
				CLANG_WARN_OBJC_ROOT_CLASS = YES_ERROR;
				CLANG_WARN_RANGE_LOOP_ANALYSIS = YES;
				CLANG_WARN_STRICT_PROTOTYPES = YES;
				CLANG_WARN_SUSPICIOUS_MOVE = YES;
				CLANG_WARN_UNGUARDED_AVAILABILITY = YES_AGGRESSIVE;
				CLANG_WARN_UNREACHABLE_CODE = YES;
				CLANG_WARN__DUPLICATE_METHOD_MATCH = YES;
				CODE_SIGN_IDENTITY = "iPhone Developer";
				COPY_PHASE_STRIP = NO;
				DEBUG_INFORMATION_FORMAT = dwarf;
				ENABLE_STRICT_OBJC_MSGSEND = YES;
				ENABLE_TESTABILITY = YES;
				GCC_C_LANGUAGE_STANDARD = gnu11;
				GCC_DYNAMIC_NO_PIC = NO;
				GCC_NO_COMMON_BLOCKS = YES;
				GCC_OPTIMIZATION_LEVEL = 0;
				GCC_PREPROCESSOR_DEFINITIONS = (
					"DEBUG=1",
					"$(inherited)",
				);
				GCC_WARN_64_TO_32_BIT_CONVERSION = YES;
				GCC_WARN_ABOUT_RETURN_TYPE = YES_ERROR;
				GCC_WARN_UNDECLARED_SELECTOR = YES;
				GCC_WARN_UNINITIALIZED_AUTOS = YES_AGGRESSIVE;
				GCC_WARN_UNUSED_FUNCTION = YES;
				GCC_WARN_UNUSED_VARIABLE = YES;
				IPHONEOS_DEPLOYMENT_TARGET = 12.1;
				MTL_ENABLE_DEBUG_INFO = INCLUDE_SOURCE;
				MTL_FAST_MATH = YES;
				ONLY_ACTIVE_ARCH = YES;
				SDKROOT = iphoneos;
				SWIFT_ACTIVE_COMPILATION_CONDITIONS = DEBUG;
				SWIFT_OPTIMIZATION_LEVEL = "-Onone";
			};
			name = Debug;
		};
		57AB87E52217A235006B670F /* Release */ = {
			isa = XCBuildConfiguration;
			buildSettings = {
				ALWAYS_SEARCH_USER_PATHS = NO;
				CLANG_ANALYZER_NONNULL = YES;
				CLANG_ANALYZER_NUMBER_OBJECT_CONVERSION = YES_AGGRESSIVE;
				CLANG_CXX_LANGUAGE_STANDARD = "gnu++14";
				CLANG_CXX_LIBRARY = "libc++";
				CLANG_ENABLE_MODULES = YES;
				CLANG_ENABLE_OBJC_ARC = YES;
				CLANG_ENABLE_OBJC_WEAK = YES;
				CLANG_WARN_BLOCK_CAPTURE_AUTORELEASING = YES;
				CLANG_WARN_BOOL_CONVERSION = YES;
				CLANG_WARN_COMMA = YES;
				CLANG_WARN_CONSTANT_CONVERSION = YES;
				CLANG_WARN_DEPRECATED_OBJC_IMPLEMENTATIONS = YES;
				CLANG_WARN_DIRECT_OBJC_ISA_USAGE = YES_ERROR;
				CLANG_WARN_DOCUMENTATION_COMMENTS = YES;
				CLANG_WARN_EMPTY_BODY = YES;
				CLANG_WARN_ENUM_CONVERSION = YES;
				CLANG_WARN_INFINITE_RECURSION = YES;
				CLANG_WARN_INT_CONVERSION = YES;
				CLANG_WARN_NON_LITERAL_NULL_CONVERSION = YES;
				CLANG_WARN_OBJC_IMPLICIT_RETAIN_SELF = YES;
				CLANG_WARN_OBJC_LITERAL_CONVERSION = YES;
				CLANG_WARN_OBJC_ROOT_CLASS = YES_ERROR;
				CLANG_WARN_RANGE_LOOP_ANALYSIS = YES;
				CLANG_WARN_STRICT_PROTOTYPES = YES;
				CLANG_WARN_SUSPICIOUS_MOVE = YES;
				CLANG_WARN_UNGUARDED_AVAILABILITY = YES_AGGRESSIVE;
				CLANG_WARN_UNREACHABLE_CODE = YES;
				CLANG_WARN__DUPLICATE_METHOD_MATCH = YES;
				CODE_SIGN_IDENTITY = "iPhone Developer";
				COPY_PHASE_STRIP = NO;
				DEBUG_INFORMATION_FORMAT = "dwarf-with-dsym";
				ENABLE_NS_ASSERTIONS = NO;
				ENABLE_STRICT_OBJC_MSGSEND = YES;
				GCC_C_LANGUAGE_STANDARD = gnu11;
				GCC_NO_COMMON_BLOCKS = YES;
				GCC_WARN_64_TO_32_BIT_CONVERSION = YES;
				GCC_WARN_ABOUT_RETURN_TYPE = YES_ERROR;
				GCC_WARN_UNDECLARED_SELECTOR = YES;
				GCC_WARN_UNINITIALIZED_AUTOS = YES_AGGRESSIVE;
				GCC_WARN_UNUSED_FUNCTION = YES;
				GCC_WARN_UNUSED_VARIABLE = YES;
				IPHONEOS_DEPLOYMENT_TARGET = 12.1;
				MTL_ENABLE_DEBUG_INFO = NO;
				MTL_FAST_MATH = YES;
				SDKROOT = iphoneos;
				SWIFT_COMPILATION_MODE = wholemodule;
				SWIFT_OPTIMIZATION_LEVEL = "-O";
				VALIDATE_PRODUCT = YES;
			};
			name = Release;
		};
		57AB87E72217A235006B670F /* Debug */ = {
			isa = XCBuildConfiguration;
			baseConfigurationReference = E8D8526DB9B3346E2302DF5F /* Pods-CameraApp.debug.xcconfig */;
			buildSettings = {
				ASSETCATALOG_COMPILER_APPICON_NAME = AppIcon;
				CODE_SIGN_STYLE = Automatic;
				DEVELOPMENT_TEAM = X5Z4887HM7;
				INFOPLIST_FILE = CameraApp/Info.plist;
				LD_RUNPATH_SEARCH_PATHS = (
					"$(inherited)",
					"@executable_path/Frameworks",
				);
				PRODUCT_BUNDLE_IDENTIFIER = FilipOsowski.CameraApp;
				PRODUCT_NAME = "$(TARGET_NAME)";
				SWIFT_VERSION = 4.2;
				TARGETED_DEVICE_FAMILY = "1,2";
			};
			name = Debug;
		};
		57AB87E82217A235006B670F /* Release */ = {
			isa = XCBuildConfiguration;
			baseConfigurationReference = 40F3C4A3B1D4B2AE8CF7B366 /* Pods-CameraApp.release.xcconfig */;
			buildSettings = {
				ASSETCATALOG_COMPILER_APPICON_NAME = AppIcon;
				CODE_SIGN_STYLE = Automatic;
				DEVELOPMENT_TEAM = X5Z4887HM7;
				INFOPLIST_FILE = CameraApp/Info.plist;
				LD_RUNPATH_SEARCH_PATHS = (
					"$(inherited)",
					"@executable_path/Frameworks",
				);
				PRODUCT_BUNDLE_IDENTIFIER = FilipOsowski.CameraApp;
				PRODUCT_NAME = "$(TARGET_NAME)";
				SWIFT_VERSION = 4.2;
				TARGETED_DEVICE_FAMILY = "1,2";
			};
			name = Release;
		};
		57AB87EA2217A235006B670F /* Debug */ = {
			isa = XCBuildConfiguration;
			buildSettings = {
				ALWAYS_EMBED_SWIFT_STANDARD_LIBRARIES = YES;
				BUNDLE_LOADER = "$(TEST_HOST)";
				CODE_SIGN_STYLE = Automatic;
				DEVELOPMENT_TEAM = X5Z4887HM7;
				INFOPLIST_FILE = CameraAppTests/Info.plist;
				LD_RUNPATH_SEARCH_PATHS = (
					"$(inherited)",
					"@executable_path/Frameworks",
					"@loader_path/Frameworks",
				);
				PRODUCT_BUNDLE_IDENTIFIER = FilipOsowski.CameraAppTests;
				PRODUCT_NAME = "$(TARGET_NAME)";
				SWIFT_VERSION = 4.2;
				TARGETED_DEVICE_FAMILY = "1,2";
				TEST_HOST = "$(BUILT_PRODUCTS_DIR)/CameraApp.app/CameraApp";
			};
			name = Debug;
		};
		57AB87EB2217A235006B670F /* Release */ = {
			isa = XCBuildConfiguration;
			buildSettings = {
				ALWAYS_EMBED_SWIFT_STANDARD_LIBRARIES = YES;
				BUNDLE_LOADER = "$(TEST_HOST)";
				CODE_SIGN_STYLE = Automatic;
				DEVELOPMENT_TEAM = X5Z4887HM7;
				INFOPLIST_FILE = CameraAppTests/Info.plist;
				LD_RUNPATH_SEARCH_PATHS = (
					"$(inherited)",
					"@executable_path/Frameworks",
					"@loader_path/Frameworks",
				);
				PRODUCT_BUNDLE_IDENTIFIER = FilipOsowski.CameraAppTests;
				PRODUCT_NAME = "$(TARGET_NAME)";
				SWIFT_VERSION = 4.2;
				TARGETED_DEVICE_FAMILY = "1,2";
				TEST_HOST = "$(BUILT_PRODUCTS_DIR)/CameraApp.app/CameraApp";
			};
			name = Release;
		};
		57AB87ED2217A235006B670F /* Debug */ = {
			isa = XCBuildConfiguration;
			buildSettings = {
				ALWAYS_EMBED_SWIFT_STANDARD_LIBRARIES = YES;
				CODE_SIGN_STYLE = Automatic;
				DEVELOPMENT_TEAM = X5Z4887HM7;
				INFOPLIST_FILE = CameraAppUITests/Info.plist;
				LD_RUNPATH_SEARCH_PATHS = (
					"$(inherited)",
					"@executable_path/Frameworks",
					"@loader_path/Frameworks",
				);
				PRODUCT_BUNDLE_IDENTIFIER = FilipOsowski.CameraAppUITests;
				PRODUCT_NAME = "$(TARGET_NAME)";
				SWIFT_VERSION = 4.2;
				TARGETED_DEVICE_FAMILY = "1,2";
				TEST_TARGET_NAME = CameraApp;
			};
			name = Debug;
		};
		57AB87EE2217A235006B670F /* Release */ = {
			isa = XCBuildConfiguration;
			buildSettings = {
				ALWAYS_EMBED_SWIFT_STANDARD_LIBRARIES = YES;
				CODE_SIGN_STYLE = Automatic;
				DEVELOPMENT_TEAM = X5Z4887HM7;
				INFOPLIST_FILE = CameraAppUITests/Info.plist;
				LD_RUNPATH_SEARCH_PATHS = (
					"$(inherited)",
					"@executable_path/Frameworks",
					"@loader_path/Frameworks",
				);
				PRODUCT_BUNDLE_IDENTIFIER = FilipOsowski.CameraAppUITests;
				PRODUCT_NAME = "$(TARGET_NAME)";
				SWIFT_VERSION = 4.2;
				TARGETED_DEVICE_FAMILY = "1,2";
				TEST_TARGET_NAME = CameraApp;
			};
			name = Release;
		};
/* End XCBuildConfiguration section */

/* Begin XCConfigurationList section */
		57AB87B92217A233006B670F /* Build configuration list for PBXProject "CameraApp" */ = {
			isa = XCConfigurationList;
			buildConfigurations = (
				57AB87E42217A235006B670F /* Debug */,
				57AB87E52217A235006B670F /* Release */,
			);
			defaultConfigurationIsVisible = 0;
			defaultConfigurationName = Release;
		};
		57AB87E62217A235006B670F /* Build configuration list for PBXNativeTarget "CameraApp" */ = {
			isa = XCConfigurationList;
			buildConfigurations = (
				57AB87E72217A235006B670F /* Debug */,
				57AB87E82217A235006B670F /* Release */,
			);
			defaultConfigurationIsVisible = 0;
			defaultConfigurationName = Release;
		};
		57AB87E92217A235006B670F /* Build configuration list for PBXNativeTarget "CameraAppTests" */ = {
			isa = XCConfigurationList;
			buildConfigurations = (
				57AB87EA2217A235006B670F /* Debug */,
				57AB87EB2217A235006B670F /* Release */,
			);
			defaultConfigurationIsVisible = 0;
			defaultConfigurationName = Release;
		};
		57AB87EC2217A235006B670F /* Build configuration list for PBXNativeTarget "CameraAppUITests" */ = {
			isa = XCConfigurationList;
			buildConfigurations = (
				57AB87ED2217A235006B670F /* Debug */,
				57AB87EE2217A235006B670F /* Release */,
			);
			defaultConfigurationIsVisible = 0;
			defaultConfigurationName = Release;
		};
/* End XCConfigurationList section */
	};
	rootObject = 57AB87B62217A233006B670F /* Project object */;
}
